// !$*UTF8*$!
{
	archiveVersion = 1;
	classes = {
	};
	objectVersion = 48;
	objects = {

/* Begin PBXBuildFile section */
		440700E12037E9040027E231 /* AppDelegate.swift in Sources */ = {isa = PBXBuildFile; fileRef = 440700E02037E9040027E231 /* AppDelegate.swift */; };
		440700E62037E9040027E231 /* Main.storyboard in Resources */ = {isa = PBXBuildFile; fileRef = 440700E42037E9040027E231 /* Main.storyboard */; };
		440700E82037E9040027E231 /* Assets.xcassets in Resources */ = {isa = PBXBuildFile; fileRef = 440700E72037E9040027E231 /* Assets.xcassets */; };
		440700EB2037E9040027E231 /* LaunchScreen.storyboard in Resources */ = {isa = PBXBuildFile; fileRef = 440700E92037E9040027E231 /* LaunchScreen.storyboard */; };
		440701012037E9040027E231 /* DocReaderUITests.swift in Sources */ = {isa = PBXBuildFile; fileRef = 440701002037E9040027E231 /* DocReaderUITests.swift */; };
		440701122037E9A10027E231 /* CameraViewController.swift in Sources */ = {isa = PBXBuildFile; fileRef = 440701112037E9A10027E231 /* CameraViewController.swift */; };
		440701152037EBE30027E231 /* ScannerView.swift in Sources */ = {isa = PBXBuildFile; fileRef = 440701142037EBE30027E231 /* ScannerView.swift */; };
		440701172037EF840027E231 /* CameraViewController+Delegates.swift in Sources */ = {isa = PBXBuildFile; fileRef = 440701162037EF840027E231 /* CameraViewController+Delegates.swift */; };
		440701192037F3C60027E231 /* Extensions.swift in Sources */ = {isa = PBXBuildFile; fileRef = 440701182037F3C60027E231 /* Extensions.swift */; };
		4407011C20380A720027E231 /* CameraViewControllerTests.swift in Sources */ = {isa = PBXBuildFile; fileRef = 4407011B20380A720027E231 /* CameraViewControllerTests.swift */; };
		4407011E20380CFD0027E231 /* EditScanViewController.swift in Sources */ = {isa = PBXBuildFile; fileRef = 4407011D20380CFD0027E231 /* EditScanViewController.swift */; };
		44070120203810FB0027E231 /* EditImageCell.swift in Sources */ = {isa = PBXBuildFile; fileRef = 4407011F203810FB0027E231 /* EditImageCell.swift */; };
		44070122203896AA0027E231 /* EditingToolsCell.swift in Sources */ = {isa = PBXBuildFile; fileRef = 44070121203896AA0027E231 /* EditingToolsCell.swift */; };
		440701262038F4DB0027E231 /* PhotosViewController.swift in Sources */ = {isa = PBXBuildFile; fileRef = 440701252038F4DA0027E231 /* PhotosViewController.swift */; };
		440701282038F4F00027E231 /* PhotosCollectionViewCell.swift in Sources */ = {isa = PBXBuildFile; fileRef = 440701272038F4F00027E231 /* PhotosCollectionViewCell.swift */; };
		440D7127203B39AF0089EA7D /* RecordViewController.swift in Sources */ = {isa = PBXBuildFile; fileRef = 440D7126203B39AF0089EA7D /* RecordViewController.swift */; };
		44125C842048F1DF006BE439 /* OCRViewController.swift in Sources */ = {isa = PBXBuildFile; fileRef = 44125C832048F1DF006BE439 /* OCRViewController.swift */; };
		44125C8E20492FFA006BE439 /* SVProgressHUD.framework in Frameworks */ = {isa = PBXBuildFile; fileRef = 44125C8F20492FFA006BE439 /* SVProgressHUD.framework */; };
		4417F149204261F9007386F4 /* ScannedDoc.swift in Sources */ = {isa = PBXBuildFile; fileRef = 4417F148204261F9007386F4 /* ScannedDoc.swift */; };
		4431F6BF203D084800775702 /* FolderModelTests.swift in Sources */ = {isa = PBXBuildFile; fileRef = 4431F6BE203D084800775702 /* FolderModelTests.swift */; };
		4431F6C1203D0E0300775702 /* BiometricAuthentication.swift in Sources */ = {isa = PBXBuildFile; fileRef = 4431F6C0203D0E0300775702 /* BiometricAuthentication.swift */; };
		444CFFEF203E65FA00124377 /* SettingsViewController.swift in Sources */ = {isa = PBXBuildFile; fileRef = 444CFFEE203E65FA00124377 /* SettingsViewController.swift */; };
		44669FDD20493320000A2080 /* TesseractOCR.framework in Frameworks */ = {isa = PBXBuildFile; fileRef = 44669FDE20493320000A2080 /* TesseractOCR.framework */; };
		44669FDF2049332D000A2080 /* libz.tbd in Frameworks */ = {isa = PBXBuildFile; fileRef = 44125C812048F133006BE439 /* libz.tbd */; };
		44669FE12049363E000A2080 /* tessdata in Resources */ = {isa = PBXBuildFile; fileRef = 44669FE02049363E000A2080 /* tessdata */; };
		448C3787203F36C600135B34 /* FolderMenuCell.swift in Sources */ = {isa = PBXBuildFile; fileRef = 448C3786203F36C600135B34 /* FolderMenuCell.swift */; };
		44A61823203A03560094988A /* CameraControls.storyboard in Resources */ = {isa = PBXBuildFile; fileRef = 44A61822203A03560094988A /* CameraControls.storyboard */; };
		44A61825203A11150094988A /* MainTabBarViewController.swift in Sources */ = {isa = PBXBuildFile; fileRef = 44A61824203A11150094988A /* MainTabBarViewController.swift */; };
		44A61870203A5BB10094988A /* SearchViewController.swift in Sources */ = {isa = PBXBuildFile; fileRef = 44A6186F203A5BB10094988A /* SearchViewController.swift */; };
		44A61874203A609E0094988A /* FoldersViewController.swift in Sources */ = {isa = PBXBuildFile; fileRef = 44A61873203A609E0094988A /* FoldersViewController.swift */; };
		44A61876203A7FBE0094988A /* GridCollectionCell.swift in Sources */ = {isa = PBXBuildFile; fileRef = 44A61875203A7FBD0094988A /* GridCollectionCell.swift */; };
		44A61878203A7FC80094988A /* ListCollectionCell.swift in Sources */ = {isa = PBXBuildFile; fileRef = 44A61877203A7FC80094988A /* ListCollectionCell.swift */; };
		44E1A4FE203E36EA00BFBBB3 /* DocumentsViewController.swift in Sources */ = {isa = PBXBuildFile; fileRef = 44E1A4FD203E36EA00BFBBB3 /* DocumentsViewController.swift */; };
		44E1A501203E3C5200BFBBB3 /* DocumentsGridCollectionCell.swift in Sources */ = {isa = PBXBuildFile; fileRef = 44E1A500203E3C5200BFBBB3 /* DocumentsGridCollectionCell.swift */; };
		44E1A503203E3C5B00BFBBB3 /* DocumentsListCollectionCell.swift in Sources */ = {isa = PBXBuildFile; fileRef = 44E1A502203E3C5B00BFBBB3 /* DocumentsListCollectionCell.swift */; };
		44E1A505203E414300BFBBB3 /* DocumentsOptionsCell.swift in Sources */ = {isa = PBXBuildFile; fileRef = 44E1A504203E414300BFBBB3 /* DocumentsOptionsCell.swift */; };
		44E574D2203B455D00D392F8 /* FoldersPopoverViewController.swift in Sources */ = {isa = PBXBuildFile; fileRef = 44E574D1203B455D00D392F8 /* FoldersPopoverViewController.swift */; };
		44E574F4203BD0C600D392F8 /* AddFolderAlertController.swift in Sources */ = {isa = PBXBuildFile; fileRef = 44E574F3203BD0C600D392F8 /* AddFolderAlertController.swift */; };
		44E574F8203BD74600D392F8 /* AlertController.storyboard in Resources */ = {isa = PBXBuildFile; fileRef = 44E574F7203BD74600D392F8 /* AlertController.storyboard */; };
		44E574FA203BF73100D392F8 /* DataManger.swift in Sources */ = {isa = PBXBuildFile; fileRef = 44E574F9203BF73000D392F8 /* DataManger.swift */; };
		44E574FE203BF94E00D392F8 /* Folder.swift in Sources */ = {isa = PBXBuildFile; fileRef = 44E574FD203BF94E00D392F8 /* Folder.swift */; };
/* End PBXBuildFile section */

/* Begin PBXContainerItemProxy section */
		440700F22037E9040027E231 /* PBXContainerItemProxy */ = {
			isa = PBXContainerItemProxy;
			containerPortal = 440700D52037E9040027E231 /* Project object */;
			proxyType = 1;
			remoteGlobalIDString = 440700DC2037E9040027E231;
			remoteInfo = DocReader;
		};
		440700FD2037E9040027E231 /* PBXContainerItemProxy */ = {
			isa = PBXContainerItemProxy;
			containerPortal = 440700D52037E9040027E231 /* Project object */;
			proxyType = 1;
			remoteGlobalIDString = 440700DC2037E9040027E231;
			remoteInfo = DocReader;
		};
/* End PBXContainerItemProxy section */

/* Begin PBXFileReference section */
		440700DD2037E9040027E231 /* DocReader.app */ = {isa = PBXFileReference; explicitFileType = wrapper.application; includeInIndex = 0; path = DocReader.app; sourceTree = BUILT_PRODUCTS_DIR; };
		440700E02037E9040027E231 /* AppDelegate.swift */ = {isa = PBXFileReference; lastKnownFileType = sourcecode.swift; path = AppDelegate.swift; sourceTree = "<group>"; };
		440700E52037E9040027E231 /* Base */ = {isa = PBXFileReference; lastKnownFileType = file.storyboard; name = Base; path = Base.lproj/Main.storyboard; sourceTree = "<group>"; };
		440700E72037E9040027E231 /* Assets.xcassets */ = {isa = PBXFileReference; lastKnownFileType = folder.assetcatalog; path = Assets.xcassets; sourceTree = "<group>"; };
		440700EA2037E9040027E231 /* Base */ = {isa = PBXFileReference; lastKnownFileType = file.storyboard; name = Base; path = Base.lproj/LaunchScreen.storyboard; sourceTree = "<group>"; };
		440700EC2037E9040027E231 /* Info.plist */ = {isa = PBXFileReference; lastKnownFileType = text.plist.xml; path = Info.plist; sourceTree = "<group>"; };
		440700F12037E9040027E231 /* DocReaderTests.xctest */ = {isa = PBXFileReference; explicitFileType = wrapper.cfbundle; includeInIndex = 0; path = DocReaderTests.xctest; sourceTree = BUILT_PRODUCTS_DIR; };
		440700F72037E9040027E231 /* Info.plist */ = {isa = PBXFileReference; lastKnownFileType = text.plist.xml; path = Info.plist; sourceTree = "<group>"; };
		440700FC2037E9040027E231 /* DocReaderUITests.xctest */ = {isa = PBXFileReference; explicitFileType = wrapper.cfbundle; includeInIndex = 0; path = DocReaderUITests.xctest; sourceTree = BUILT_PRODUCTS_DIR; };
		440701002037E9040027E231 /* DocReaderUITests.swift */ = {isa = PBXFileReference; lastKnownFileType = sourcecode.swift; path = DocReaderUITests.swift; sourceTree = "<group>"; };
		440701022037E9040027E231 /* Info.plist */ = {isa = PBXFileReference; lastKnownFileType = text.plist.xml; path = Info.plist; sourceTree = "<group>"; };
		440701112037E9A10027E231 /* CameraViewController.swift */ = {isa = PBXFileReference; lastKnownFileType = sourcecode.swift; path = CameraViewController.swift; sourceTree = "<group>"; };
		440701142037EBE30027E231 /* ScannerView.swift */ = {isa = PBXFileReference; lastKnownFileType = sourcecode.swift; path = ScannerView.swift; sourceTree = "<group>"; };
		440701162037EF840027E231 /* CameraViewController+Delegates.swift */ = {isa = PBXFileReference; lastKnownFileType = sourcecode.swift; path = "CameraViewController+Delegates.swift"; sourceTree = "<group>"; };
		440701182037F3C60027E231 /* Extensions.swift */ = {isa = PBXFileReference; lastKnownFileType = sourcecode.swift; path = Extensions.swift; sourceTree = "<group>"; };
		4407011B20380A720027E231 /* CameraViewControllerTests.swift */ = {isa = PBXFileReference; lastKnownFileType = sourcecode.swift; path = CameraViewControllerTests.swift; sourceTree = "<group>"; };
		4407011D20380CFD0027E231 /* EditScanViewController.swift */ = {isa = PBXFileReference; lastKnownFileType = sourcecode.swift; path = EditScanViewController.swift; sourceTree = "<group>"; };
		4407011F203810FB0027E231 /* EditImageCell.swift */ = {isa = PBXFileReference; lastKnownFileType = sourcecode.swift; path = EditImageCell.swift; sourceTree = "<group>"; };
		44070121203896AA0027E231 /* EditingToolsCell.swift */ = {isa = PBXFileReference; lastKnownFileType = sourcecode.swift; path = EditingToolsCell.swift; sourceTree = "<group>"; };
		440701252038F4DA0027E231 /* PhotosViewController.swift */ = {isa = PBXFileReference; lastKnownFileType = sourcecode.swift; path = PhotosViewController.swift; sourceTree = "<group>"; };
		440701272038F4F00027E231 /* PhotosCollectionViewCell.swift */ = {isa = PBXFileReference; lastKnownFileType = sourcecode.swift; path = PhotosCollectionViewCell.swift; sourceTree = "<group>"; };
		440D7126203B39AF0089EA7D /* RecordViewController.swift */ = {isa = PBXFileReference; lastKnownFileType = sourcecode.swift; path = RecordViewController.swift; sourceTree = "<group>"; };
		44125C812048F133006BE439 /* libz.tbd */ = {isa = PBXFileReference; lastKnownFileType = "sourcecode.text-based-dylib-definition"; name = libz.tbd; path = usr/lib/libz.tbd; sourceTree = SDKROOT; };
		44125C832048F1DF006BE439 /* OCRViewController.swift */ = {isa = PBXFileReference; lastKnownFileType = sourcecode.swift; path = OCRViewController.swift; sourceTree = "<group>"; };
		44125C8720492E3B006BE439 /* TesseractOCR.framework */ = {isa = PBXFileReference; explicitFileType = wrapper.framework; path = TesseractOCR.framework; sourceTree = BUILT_PRODUCTS_DIR; };
		44125C8920492EEE006BE439 /* TesseractOCR.framework */ = {isa = PBXFileReference; explicitFileType = wrapper.framework; path = TesseractOCR.framework; sourceTree = BUILT_PRODUCTS_DIR; };
		44125C8A20492F59006BE439 /* libstdc++.tbd */ = {isa = PBXFileReference; lastKnownFileType = "sourcecode.text-based-dylib-definition"; name = "libstdc++.tbd"; path = "usr/lib/libstdc++.tbd"; sourceTree = SDKROOT; };
		44125C8D20492FF0006BE439 /* Pods_DocReader.framework */ = {isa = PBXFileReference; explicitFileType = wrapper.framework; path = Pods_DocReader.framework; sourceTree = BUILT_PRODUCTS_DIR; };
		44125C8F20492FFA006BE439 /* SVProgressHUD.framework */ = {isa = PBXFileReference; explicitFileType = wrapper.framework; path = SVProgressHUD.framework; sourceTree = BUILT_PRODUCTS_DIR; };
		44125C9120493002006BE439 /* TesseractOCR.framework */ = {isa = PBXFileReference; explicitFileType = wrapper.framework; path = TesseractOCR.framework; sourceTree = BUILT_PRODUCTS_DIR; };
		4417F148204261F9007386F4 /* ScannedDoc.swift */ = {isa = PBXFileReference; lastKnownFileType = sourcecode.swift; path = ScannedDoc.swift; sourceTree = "<group>"; };
		4431F6BE203D084800775702 /* FolderModelTests.swift */ = {isa = PBXFileReference; lastKnownFileType = sourcecode.swift; path = FolderModelTests.swift; sourceTree = "<group>"; };
		4431F6C0203D0E0300775702 /* BiometricAuthentication.swift */ = {isa = PBXFileReference; lastKnownFileType = sourcecode.swift; path = BiometricAuthentication.swift; sourceTree = "<group>"; };
		444CFFEE203E65FA00124377 /* SettingsViewController.swift */ = {isa = PBXFileReference; lastKnownFileType = sourcecode.swift; path = SettingsViewController.swift; sourceTree = "<group>"; };
		44669FDE20493320000A2080 /* TesseractOCR.framework */ = {isa = PBXFileReference; explicitFileType = wrapper.framework; path = TesseractOCR.framework; sourceTree = BUILT_PRODUCTS_DIR; };
		44669FE02049363E000A2080 /* tessdata */ = {isa = PBXFileReference; lastKnownFileType = folder; path = tessdata; sourceTree = "<group>"; };
		448C3786203F36C600135B34 /* FolderMenuCell.swift */ = {isa = PBXFileReference; lastKnownFileType = sourcecode.swift; path = FolderMenuCell.swift; sourceTree = "<group>"; };
		44A61822203A03560094988A /* CameraControls.storyboard */ = {isa = PBXFileReference; lastKnownFileType = file.storyboard; path = CameraControls.storyboard; sourceTree = "<group>"; };
		44A61824203A11150094988A /* MainTabBarViewController.swift */ = {isa = PBXFileReference; lastKnownFileType = sourcecode.swift; path = MainTabBarViewController.swift; sourceTree = "<group>"; };
		44A6186F203A5BB10094988A /* SearchViewController.swift */ = {isa = PBXFileReference; lastKnownFileType = sourcecode.swift; path = SearchViewController.swift; sourceTree = "<group>"; };
		44A61873203A609E0094988A /* FoldersViewController.swift */ = {isa = PBXFileReference; lastKnownFileType = sourcecode.swift; path = FoldersViewController.swift; sourceTree = "<group>"; };
		44A61875203A7FBD0094988A /* GridCollectionCell.swift */ = {isa = PBXFileReference; lastKnownFileType = sourcecode.swift; path = GridCollectionCell.swift; sourceTree = "<group>"; };
		44A61877203A7FC80094988A /* ListCollectionCell.swift */ = {isa = PBXFileReference; lastKnownFileType = sourcecode.swift; path = ListCollectionCell.swift; sourceTree = "<group>"; };
		44E1A4FD203E36EA00BFBBB3 /* DocumentsViewController.swift */ = {isa = PBXFileReference; lastKnownFileType = sourcecode.swift; path = DocumentsViewController.swift; sourceTree = "<group>"; };
		44E1A500203E3C5200BFBBB3 /* DocumentsGridCollectionCell.swift */ = {isa = PBXFileReference; lastKnownFileType = sourcecode.swift; path = DocumentsGridCollectionCell.swift; sourceTree = "<group>"; };
		44E1A502203E3C5B00BFBBB3 /* DocumentsListCollectionCell.swift */ = {isa = PBXFileReference; lastKnownFileType = sourcecode.swift; path = DocumentsListCollectionCell.swift; sourceTree = "<group>"; };
		44E1A504203E414300BFBBB3 /* DocumentsOptionsCell.swift */ = {isa = PBXFileReference; lastKnownFileType = sourcecode.swift; path = DocumentsOptionsCell.swift; sourceTree = "<group>"; };
		44E574D1203B455D00D392F8 /* FoldersPopoverViewController.swift */ = {isa = PBXFileReference; lastKnownFileType = sourcecode.swift; path = FoldersPopoverViewController.swift; sourceTree = "<group>"; };
		44E574F3203BD0C600D392F8 /* AddFolderAlertController.swift */ = {isa = PBXFileReference; lastKnownFileType = sourcecode.swift; path = AddFolderAlertController.swift; sourceTree = "<group>"; };
		44E574F7203BD74600D392F8 /* AlertController.storyboard */ = {isa = PBXFileReference; lastKnownFileType = file.storyboard; path = AlertController.storyboard; sourceTree = "<group>"; };
		44E574F9203BF73000D392F8 /* DataManger.swift */ = {isa = PBXFileReference; lastKnownFileType = sourcecode.swift; path = DataManger.swift; sourceTree = "<group>"; };
		44E574FD203BF94E00D392F8 /* Folder.swift */ = {isa = PBXFileReference; lastKnownFileType = sourcecode.swift; path = Folder.swift; sourceTree = "<group>"; };
		A5D5A7EF4BF23C8C2E9084CC /* Pods-DocReader.debug.xcconfig */ = {isa = PBXFileReference; includeInIndex = 1; lastKnownFileType = text.xcconfig; name = "Pods-DocReader.debug.xcconfig"; path = "Pods/Target Support Files/Pods-DocReader/Pods-DocReader.debug.xcconfig"; sourceTree = "<group>"; };
		D9772076FF7BE0F5E18B8F65 /* Pods-DocReader.release.xcconfig */ = {isa = PBXFileReference; includeInIndex = 1; lastKnownFileType = text.xcconfig; name = "Pods-DocReader.release.xcconfig"; path = "Pods/Target Support Files/Pods-DocReader/Pods-DocReader.release.xcconfig"; sourceTree = "<group>"; };
		F389A88856A2D0A2A875C91D /* Pods_DocReader.framework */ = {isa = PBXFileReference; explicitFileType = wrapper.framework; includeInIndex = 0; path = Pods_DocReader.framework; sourceTree = BUILT_PRODUCTS_DIR; };
/* End PBXFileReference section */

/* Begin PBXFrameworksBuildPhase section */
		440700DA2037E9040027E231 /* Frameworks */ = {
			isa = PBXFrameworksBuildPhase;
			buildActionMask = 2147483647;
			files = (
				44669FDF2049332D000A2080 /* libz.tbd in Frameworks */,
				44669FDD20493320000A2080 /* TesseractOCR.framework in Frameworks */,
				44125C8E20492FFA006BE439 /* SVProgressHUD.framework in Frameworks */,
			);
			runOnlyForDeploymentPostprocessing = 0;
		};
		440700EE2037E9040027E231 /* Frameworks */ = {
			isa = PBXFrameworksBuildPhase;
			buildActionMask = 2147483647;
			files = (
			);
			runOnlyForDeploymentPostprocessing = 0;
		};
		440700F92037E9040027E231 /* Frameworks */ = {
			isa = PBXFrameworksBuildPhase;
			buildActionMask = 2147483647;
			files = (
			);
			runOnlyForDeploymentPostprocessing = 0;
		};
/* End PBXFrameworksBuildPhase section */

/* Begin PBXGroup section */
		222334D090C1D64B196455F2 /* Pods */ = {
			isa = PBXGroup;
			children = (
				A5D5A7EF4BF23C8C2E9084CC /* Pods-DocReader.debug.xcconfig */,
				D9772076FF7BE0F5E18B8F65 /* Pods-DocReader.release.xcconfig */,
			);
			name = Pods;
			sourceTree = "<group>";
		};
		440700D42037E9040027E231 = {
			isa = PBXGroup;
			children = (
				440700DF2037E9040027E231 /* DocReader */,
				440700F42037E9040027E231 /* DocReaderTests */,
				440700FF2037E9040027E231 /* DocReaderUITests */,
				440700DE2037E9040027E231 /* Products */,
				222334D090C1D64B196455F2 /* Pods */,
				C9DF50B599ABB6E5E3D6D2C5 /* Frameworks */,
			);
			sourceTree = "<group>";
		};
		440700DE2037E9040027E231 /* Products */ = {
			isa = PBXGroup;
			children = (
				440700DD2037E9040027E231 /* DocReader.app */,
				440700F12037E9040027E231 /* DocReaderTests.xctest */,
				440700FC2037E9040027E231 /* DocReaderUITests.xctest */,
			);
			name = Products;
			sourceTree = "<group>";
		};
		440700DF2037E9040027E231 /* DocReader */ = {
			isa = PBXGroup;
			children = (
				44E574FF203BF95E00D392F8 /* Model */,
				4407011A20380A0D0027E231 /* Views */,
				440701242038F42E0027E231 /* Camera */,
				440701232038F41E0027E231 /* Editing */,
				44A61871203A605E0094988A /* Photos */,
				44A61872203A607E0094988A /* TabBar */,
				444731C4203A9C2F00B27570 /* Folders */,
				44E574FB203BF89900D392F8 /* Recording */,
				4431F6C4203D123C00775702 /* Touch Identification */,
				44E574D0203B3BFD00D392F8 /* Helpers */,
				44E574F9203BF73000D392F8 /* DataManger.swift */,
				44E1A4FF203E37B600BFBBB3 /* Documents */,
				44A61822203A03560094988A /* CameraControls.storyboard */,
				444CFFEE203E65FA00124377 /* SettingsViewController.swift */,
				440700E42037E9040027E231 /* Main.storyboard */,
				440700E02037E9040027E231 /* AppDelegate.swift */,
				44669FE02049363E000A2080 /* tessdata */,
				440700E72037E9040027E231 /* Assets.xcassets */,
				440700E92037E9040027E231 /* LaunchScreen.storyboard */,
				440700EC2037E9040027E231 /* Info.plist */,
			);
			path = DocReader;
			sourceTree = "<group>";
		};
		440700F42037E9040027E231 /* DocReaderTests */ = {
			isa = PBXGroup;
			children = (
				4407011B20380A720027E231 /* CameraViewControllerTests.swift */,
				4431F6BE203D084800775702 /* FolderModelTests.swift */,
				440700F72037E9040027E231 /* Info.plist */,
			);
			path = DocReaderTests;
			sourceTree = "<group>";
		};
		440700FF2037E9040027E231 /* DocReaderUITests */ = {
			isa = PBXGroup;
			children = (
				440701002037E9040027E231 /* DocReaderUITests.swift */,
				440701022037E9040027E231 /* Info.plist */,
			);
			path = DocReaderUITests;
			sourceTree = "<group>";
		};
		4407011A20380A0D0027E231 /* Views */ = {
			isa = PBXGroup;
			children = (
				440701142037EBE30027E231 /* ScannerView.swift */,
			);
			path = Views;
			sourceTree = "<group>";
		};
		440701232038F41E0027E231 /* Editing */ = {
			isa = PBXGroup;
			children = (
				4407011D20380CFD0027E231 /* EditScanViewController.swift */,
				44125C832048F1DF006BE439 /* OCRViewController.swift */,
				4407011F203810FB0027E231 /* EditImageCell.swift */,
				44070121203896AA0027E231 /* EditingToolsCell.swift */,
			);
			path = Editing;
			sourceTree = "<group>";
		};
		440701242038F42E0027E231 /* Camera */ = {
			isa = PBXGroup;
			children = (
				440701112037E9A10027E231 /* CameraViewController.swift */,
				440701162037EF840027E231 /* CameraViewController+Delegates.swift */,
			);
			path = Camera;
			sourceTree = "<group>";
		};
		4431F6C4203D123C00775702 /* Touch Identification */ = {
			isa = PBXGroup;
			children = (
				4431F6C0203D0E0300775702 /* BiometricAuthentication.swift */,
			);
			path = "Touch Identification";
			sourceTree = "<group>";
		};
		444731C4203A9C2F00B27570 /* Folders */ = {
			isa = PBXGroup;
			children = (
				44A61873203A609E0094988A /* FoldersViewController.swift */,
				44A61875203A7FBD0094988A /* GridCollectionCell.swift */,
				44A61877203A7FC80094988A /* ListCollectionCell.swift */,
				448C3786203F36C600135B34 /* FolderMenuCell.swift */,
				44E574D1203B455D00D392F8 /* FoldersPopoverViewController.swift */,
			);
			path = Folders;
			sourceTree = "<group>";
		};
		44A61871203A605E0094988A /* Photos */ = {
			isa = PBXGroup;
			children = (
				440701252038F4DA0027E231 /* PhotosViewController.swift */,
				440701272038F4F00027E231 /* PhotosCollectionViewCell.swift */,
			);
			path = Photos;
			sourceTree = "<group>";
		};
		44A61872203A607E0094988A /* TabBar */ = {
			isa = PBXGroup;
			children = (
				44A61824203A11150094988A /* MainTabBarViewController.swift */,
				44A6186F203A5BB10094988A /* SearchViewController.swift */,
			);
			path = TabBar;
			sourceTree = "<group>";
		};
		44E1A4FF203E37B600BFBBB3 /* Documents */ = {
			isa = PBXGroup;
			children = (
				44E1A4FD203E36EA00BFBBB3 /* DocumentsViewController.swift */,
				44E1A500203E3C5200BFBBB3 /* DocumentsGridCollectionCell.swift */,
				44E1A502203E3C5B00BFBBB3 /* DocumentsListCollectionCell.swift */,
				44E1A504203E414300BFBBB3 /* DocumentsOptionsCell.swift */,
			);
			path = Documents;
			sourceTree = "<group>";
		};
		44E574D0203B3BFD00D392F8 /* Helpers */ = {
			isa = PBXGroup;
			children = (
				440701182037F3C60027E231 /* Extensions.swift */,
				44E574FC203BF8BF00D392F8 /* AddFolderAlertControl */,
			);
			path = Helpers;
			sourceTree = "<group>";
		};
		44E574FB203BF89900D392F8 /* Recording */ = {
			isa = PBXGroup;
			children = (
				440D7126203B39AF0089EA7D /* RecordViewController.swift */,
			);
			path = Recording;
			sourceTree = "<group>";
		};
		44E574FC203BF8BF00D392F8 /* AddFolderAlertControl */ = {
			isa = PBXGroup;
			children = (
				44E574F3203BD0C600D392F8 /* AddFolderAlertController.swift */,
				44E574F7203BD74600D392F8 /* AlertController.storyboard */,
			);
			path = AddFolderAlertControl;
			sourceTree = "<group>";
		};
		44E574FF203BF95E00D392F8 /* Model */ = {
			isa = PBXGroup;
			children = (
				44E574FD203BF94E00D392F8 /* Folder.swift */,
				4417F148204261F9007386F4 /* ScannedDoc.swift */,
			);
			path = Model;
			sourceTree = "<group>";
		};
		C9DF50B599ABB6E5E3D6D2C5 /* Frameworks */ = {
			isa = PBXGroup;
			children = (
				44669FDE20493320000A2080 /* TesseractOCR.framework */,
				44125C9120493002006BE439 /* TesseractOCR.framework */,
				44125C8F20492FFA006BE439 /* SVProgressHUD.framework */,
				44125C8D20492FF0006BE439 /* Pods_DocReader.framework */,
				44125C8A20492F59006BE439 /* libstdc++.tbd */,
				44125C8920492EEE006BE439 /* TesseractOCR.framework */,
				44125C8720492E3B006BE439 /* TesseractOCR.framework */,
				44125C812048F133006BE439 /* libz.tbd */,
				F389A88856A2D0A2A875C91D /* Pods_DocReader.framework */,
			);
			name = Frameworks;
			sourceTree = "<group>";
		};
/* End PBXGroup section */

/* Begin PBXNativeTarget section */
		440700DC2037E9040027E231 /* DocReader */ = {
			isa = PBXNativeTarget;
			buildConfigurationList = 440701052037E9040027E231 /* Build configuration list for PBXNativeTarget "DocReader" */;
			buildPhases = (
				4DEA128B9477CC097B57FA0D /* [CP] Check Pods Manifest.lock */,
				440700D92037E9040027E231 /* Sources */,
				440700DA2037E9040027E231 /* Frameworks */,
				440700DB2037E9040027E231 /* Resources */,
				8E518440508B1F61F40C6707 /* [CP] Embed Pods Frameworks */,
				7B3DDEAE682E840EF1597A13 /* [CP] Copy Pods Resources */,
			);
			buildRules = (
			);
			dependencies = (
			);
			name = DocReader;
			productName = DocReader;
			productReference = 440700DD2037E9040027E231 /* DocReader.app */;
			productType = "com.apple.product-type.application";
		};
		440700F02037E9040027E231 /* DocReaderTests */ = {
			isa = PBXNativeTarget;
			buildConfigurationList = 440701082037E9040027E231 /* Build configuration list for PBXNativeTarget "DocReaderTests" */;
			buildPhases = (
				440700ED2037E9040027E231 /* Sources */,
				440700EE2037E9040027E231 /* Frameworks */,
				440700EF2037E9040027E231 /* Resources */,
			);
			buildRules = (
			);
			dependencies = (
				440700F32037E9040027E231 /* PBXTargetDependency */,
			);
			name = DocReaderTests;
			productName = DocReaderTests;
			productReference = 440700F12037E9040027E231 /* DocReaderTests.xctest */;
			productType = "com.apple.product-type.bundle.unit-test";
		};
		440700FB2037E9040027E231 /* DocReaderUITests */ = {
			isa = PBXNativeTarget;
			buildConfigurationList = 4407010B2037E9040027E231 /* Build configuration list for PBXNativeTarget "DocReaderUITests" */;
			buildPhases = (
				440700F82037E9040027E231 /* Sources */,
				440700F92037E9040027E231 /* Frameworks */,
				440700FA2037E9040027E231 /* Resources */,
			);
			buildRules = (
			);
			dependencies = (
				440700FE2037E9040027E231 /* PBXTargetDependency */,
			);
			name = DocReaderUITests;
			productName = DocReaderUITests;
			productReference = 440700FC2037E9040027E231 /* DocReaderUITests.xctest */;
			productType = "com.apple.product-type.bundle.ui-testing";
		};
/* End PBXNativeTarget section */

/* Begin PBXProject section */
		440700D52037E9040027E231 /* Project object */ = {
			isa = PBXProject;
			attributes = {
				LastSwiftUpdateCheck = 0900;
				LastUpgradeCheck = 0900;
				ORGANIZATIONNAME = "AI Labs";
				TargetAttributes = {
					440700DC2037E9040027E231 = {
						CreatedOnToolsVersion = 9.0;
						ProvisioningStyle = Automatic;
						SystemCapabilities = {
							com.apple.iCloud = {
								enabled = 0;
							};
						};
					};
					440700F02037E9040027E231 = {
						CreatedOnToolsVersion = 9.0;
						ProvisioningStyle = Automatic;
						TestTargetID = 440700DC2037E9040027E231;
					};
					440700FB2037E9040027E231 = {
						CreatedOnToolsVersion = 9.0;
						ProvisioningStyle = Automatic;
						TestTargetID = 440700DC2037E9040027E231;
					};
				};
			};
			buildConfigurationList = 440700D82037E9040027E231 /* Build configuration list for PBXProject "DocReader" */;
			compatibilityVersion = "Xcode 8.0";
			developmentRegion = en;
			hasScannedForEncodings = 0;
			knownRegions = (
				en,
				Base,
			);
			mainGroup = 440700D42037E9040027E231;
			productRefGroup = 440700DE2037E9040027E231 /* Products */;
			projectDirPath = "";
			projectRoot = "";
			targets = (
				440700DC2037E9040027E231 /* DocReader */,
				440700F02037E9040027E231 /* DocReaderTests */,
				440700FB2037E9040027E231 /* DocReaderUITests */,
			);
		};
/* End PBXProject section */

/* Begin PBXResourcesBuildPhase section */
		440700DB2037E9040027E231 /* Resources */ = {
			isa = PBXResourcesBuildPhase;
			buildActionMask = 2147483647;
			files = (
				44E574F8203BD74600D392F8 /* AlertController.storyboard in Resources */,
				440700EB2037E9040027E231 /* LaunchScreen.storyboard in Resources */,
				44A61823203A03560094988A /* CameraControls.storyboard in Resources */,
				440700E82037E9040027E231 /* Assets.xcassets in Resources */,
				440700E62037E9040027E231 /* Main.storyboard in Resources */,
				44669FE12049363E000A2080 /* tessdata in Resources */,
			);
			runOnlyForDeploymentPostprocessing = 0;
		};
		440700EF2037E9040027E231 /* Resources */ = {
			isa = PBXResourcesBuildPhase;
			buildActionMask = 2147483647;
			files = (
			);
			runOnlyForDeploymentPostprocessing = 0;
		};
		440700FA2037E9040027E231 /* Resources */ = {
			isa = PBXResourcesBuildPhase;
			buildActionMask = 2147483647;
			files = (
			);
			runOnlyForDeploymentPostprocessing = 0;
		};
/* End PBXResourcesBuildPhase section */

/* Begin PBXShellScriptBuildPhase section */
		4DEA128B9477CC097B57FA0D /* [CP] Check Pods Manifest.lock */ = {
			isa = PBXShellScriptBuildPhase;
			buildActionMask = 2147483647;
			files = (
			);
			inputPaths = (
				"${PODS_PODFILE_DIR_PATH}/Podfile.lock",
				"${PODS_ROOT}/Manifest.lock",
			);
			name = "[CP] Check Pods Manifest.lock";
			outputPaths = (
				"$(DERIVED_FILE_DIR)/Pods-DocReader-checkManifestLockResult.txt",
			);
			runOnlyForDeploymentPostprocessing = 0;
			shellPath = /bin/sh;
			shellScript = "diff \"${PODS_PODFILE_DIR_PATH}/Podfile.lock\" \"${PODS_ROOT}/Manifest.lock\" > /dev/null\nif [ $? != 0 ] ; then\n    # print error to STDERR\n    echo \"error: The sandbox is not in sync with the Podfile.lock. Run 'pod install' or update your CocoaPods installation.\" >&2\n    exit 1\nfi\n# This output is used by Xcode 'outputs' to avoid re-running this script phase.\necho \"SUCCESS\" > \"${SCRIPT_OUTPUT_FILE_0}\"\n";
			showEnvVarsInLog = 0;
		};
		7B3DDEAE682E840EF1597A13 /* [CP] Copy Pods Resources */ = {
			isa = PBXShellScriptBuildPhase;
			buildActionMask = 2147483647;
			files = (
			);
			inputPaths = (
			);
			name = "[CP] Copy Pods Resources";
			outputPaths = (
			);
			runOnlyForDeploymentPostprocessing = 0;
			shellPath = /bin/sh;
			shellScript = "\"${SRCROOT}/Pods/Target Support Files/Pods-DocReader/Pods-DocReader-resources.sh\"\n";
			showEnvVarsInLog = 0;
		};
		8E518440508B1F61F40C6707 /* [CP] Embed Pods Frameworks */ = {
			isa = PBXShellScriptBuildPhase;
			buildActionMask = 2147483647;
			files = (
			);
			inputPaths = (
				"${SRCROOT}/Pods/Target Support Files/Pods-DocReader/Pods-DocReader-frameworks.sh",
				"${BUILT_PRODUCTS_DIR}/SVProgressHUD/SVProgressHUD.framework",
				"${BUILT_PRODUCTS_DIR}/TesseractOCRiOS/TesseractOCR.framework",
			);
			name = "[CP] Embed Pods Frameworks";
			outputPaths = (
				"${TARGET_BUILD_DIR}/${FRAMEWORKS_FOLDER_PATH}/SVProgressHUD.framework",
				"${TARGET_BUILD_DIR}/${FRAMEWORKS_FOLDER_PATH}/TesseractOCR.framework",
			);
			runOnlyForDeploymentPostprocessing = 0;
			shellPath = /bin/sh;
			shellScript = "\"${SRCROOT}/Pods/Target Support Files/Pods-DocReader/Pods-DocReader-frameworks.sh\"\n";
			showEnvVarsInLog = 0;
		};
/* End PBXShellScriptBuildPhase section */

/* Begin PBXSourcesBuildPhase section */
		440700D92037E9040027E231 /* Sources */ = {
			isa = PBXSourcesBuildPhase;
			buildActionMask = 2147483647;
			files = (
				440701262038F4DB0027E231 /* PhotosViewController.swift in Sources */,
				440701282038F4F00027E231 /* PhotosCollectionViewCell.swift in Sources */,
				44070120203810FB0027E231 /* EditImageCell.swift in Sources */,
				440D7127203B39AF0089EA7D /* RecordViewController.swift in Sources */,
				44A61874203A609E0094988A /* FoldersViewController.swift in Sources */,
				4417F149204261F9007386F4 /* ScannedDoc.swift in Sources */,
				44A61825203A11150094988A /* MainTabBarViewController.swift in Sources */,
				440701192037F3C60027E231 /* Extensions.swift in Sources */,
				440701172037EF840027E231 /* CameraViewController+Delegates.swift in Sources */,
				44A61870203A5BB10094988A /* SearchViewController.swift in Sources */,
				44E1A4FE203E36EA00BFBBB3 /* DocumentsViewController.swift in Sources */,
				44125C842048F1DF006BE439 /* OCRViewController.swift in Sources */,
				44E1A503203E3C5B00BFBBB3 /* DocumentsListCollectionCell.swift in Sources */,
				44E574D2203B455D00D392F8 /* FoldersPopoverViewController.swift in Sources */,
				4431F6C1203D0E0300775702 /* BiometricAuthentication.swift in Sources */,
				448C3787203F36C600135B34 /* FolderMenuCell.swift in Sources */,
				44E574F4203BD0C600D392F8 /* AddFolderAlertController.swift in Sources */,
				44E1A501203E3C5200BFBBB3 /* DocumentsGridCollectionCell.swift in Sources */,
				44E574FE203BF94E00D392F8 /* Folder.swift in Sources */,
				440701152037EBE30027E231 /* ScannerView.swift in Sources */,
				440700E12037E9040027E231 /* AppDelegate.swift in Sources */,
				440701122037E9A10027E231 /* CameraViewController.swift in Sources */,
				44E574FA203BF73100D392F8 /* DataManger.swift in Sources */,
				44A61876203A7FBE0094988A /* GridCollectionCell.swift in Sources */,
				44E1A505203E414300BFBBB3 /* DocumentsOptionsCell.swift in Sources */,
				44070122203896AA0027E231 /* EditingToolsCell.swift in Sources */,
				444CFFEF203E65FA00124377 /* SettingsViewController.swift in Sources */,
				44A61878203A7FC80094988A /* ListCollectionCell.swift in Sources */,
				4407011E20380CFD0027E231 /* EditScanViewController.swift in Sources */,
			);
			runOnlyForDeploymentPostprocessing = 0;
		};
		440700ED2037E9040027E231 /* Sources */ = {
			isa = PBXSourcesBuildPhase;
			buildActionMask = 2147483647;
			files = (
				4407011C20380A720027E231 /* CameraViewControllerTests.swift in Sources */,
				4431F6BF203D084800775702 /* FolderModelTests.swift in Sources */,
			);
			runOnlyForDeploymentPostprocessing = 0;
		};
		440700F82037E9040027E231 /* Sources */ = {
			isa = PBXSourcesBuildPhase;
			buildActionMask = 2147483647;
			files = (
				440701012037E9040027E231 /* DocReaderUITests.swift in Sources */,
			);
			runOnlyForDeploymentPostprocessing = 0;
		};
/* End PBXSourcesBuildPhase section */

/* Begin PBXTargetDependency section */
		440700F32037E9040027E231 /* PBXTargetDependency */ = {
			isa = PBXTargetDependency;
			target = 440700DC2037E9040027E231 /* DocReader */;
			targetProxy = 440700F22037E9040027E231 /* PBXContainerItemProxy */;
		};
		440700FE2037E9040027E231 /* PBXTargetDependency */ = {
			isa = PBXTargetDependency;
			target = 440700DC2037E9040027E231 /* DocReader */;
			targetProxy = 440700FD2037E9040027E231 /* PBXContainerItemProxy */;
		};
/* End PBXTargetDependency section */

/* Begin PBXVariantGroup section */
		440700E42037E9040027E231 /* Main.storyboard */ = {
			isa = PBXVariantGroup;
			children = (
				440700E52037E9040027E231 /* Base */,
			);
			name = Main.storyboard;
			sourceTree = "<group>";
		};
		440700E92037E9040027E231 /* LaunchScreen.storyboard */ = {
			isa = PBXVariantGroup;
			children = (
				440700EA2037E9040027E231 /* Base */,
			);
			name = LaunchScreen.storyboard;
			sourceTree = "<group>";
		};
/* End PBXVariantGroup section */

/* Begin XCBuildConfiguration section */
		440701032037E9040027E231 /* Debug */ = {
			isa = XCBuildConfiguration;
			buildSettings = {
				ALWAYS_SEARCH_USER_PATHS = NO;
				CLANG_ANALYZER_NONNULL = YES;
				CLANG_ANALYZER_NUMBER_OBJECT_CONVERSION = YES_AGGRESSIVE;
				CLANG_CXX_LANGUAGE_STANDARD = "gnu++14";
				CLANG_CXX_LIBRARY = "libc++";
				CLANG_ENABLE_MODULES = YES;
				CLANG_ENABLE_OBJC_ARC = YES;
				CLANG_WARN_BLOCK_CAPTURE_AUTORELEASING = YES;
				CLANG_WARN_BOOL_CONVERSION = YES;
				CLANG_WARN_COMMA = YES;
				CLANG_WARN_CONSTANT_CONVERSION = YES;
				CLANG_WARN_DIRECT_OBJC_ISA_USAGE = YES_ERROR;
				CLANG_WARN_DOCUMENTATION_COMMENTS = YES;
				CLANG_WARN_EMPTY_BODY = YES;
				CLANG_WARN_ENUM_CONVERSION = YES;
				CLANG_WARN_INFINITE_RECURSION = YES;
				CLANG_WARN_INT_CONVERSION = YES;
				CLANG_WARN_NON_LITERAL_NULL_CONVERSION = YES;
				CLANG_WARN_OBJC_LITERAL_CONVERSION = YES;
				CLANG_WARN_OBJC_ROOT_CLASS = YES_ERROR;
				CLANG_WARN_RANGE_LOOP_ANALYSIS = YES;
				CLANG_WARN_STRICT_PROTOTYPES = YES;
				CLANG_WARN_SUSPICIOUS_MOVE = YES;
				CLANG_WARN_UNGUARDED_AVAILABILITY = YES_AGGRESSIVE;
				CLANG_WARN_UNREACHABLE_CODE = YES;
				CLANG_WARN__DUPLICATE_METHOD_MATCH = YES;
				CODE_SIGN_IDENTITY = "iPhone Developer";
				COPY_PHASE_STRIP = NO;
				DEBUG_INFORMATION_FORMAT = dwarf;
				ENABLE_BITCODE = NO;
				ENABLE_STRICT_OBJC_MSGSEND = YES;
				ENABLE_TESTABILITY = YES;
				GCC_C_LANGUAGE_STANDARD = gnu11;
				GCC_DYNAMIC_NO_PIC = NO;
				GCC_NO_COMMON_BLOCKS = YES;
				GCC_OPTIMIZATION_LEVEL = 0;
				GCC_PREPROCESSOR_DEFINITIONS = (
					"DEBUG=1",
					"$(inherited)",
				);
				GCC_WARN_64_TO_32_BIT_CONVERSION = YES;
				GCC_WARN_ABOUT_RETURN_TYPE = YES_ERROR;
				GCC_WARN_UNDECLARED_SELECTOR = YES;
				GCC_WARN_UNINITIALIZED_AUTOS = YES_AGGRESSIVE;
				GCC_WARN_UNUSED_FUNCTION = YES;
				GCC_WARN_UNUSED_VARIABLE = YES;
				IPHONEOS_DEPLOYMENT_TARGET = 11.0;
				MTL_ENABLE_DEBUG_INFO = YES;
				ONLY_ACTIVE_ARCH = YES;
				SDKROOT = iphoneos;
				SWIFT_ACTIVE_COMPILATION_CONDITIONS = DEBUG;
				SWIFT_OPTIMIZATION_LEVEL = "-Onone";
			};
			name = Debug;
		};
		440701042037E9040027E231 /* Release */ = {
			isa = XCBuildConfiguration;
			buildSettings = {
				ALWAYS_SEARCH_USER_PATHS = NO;
				CLANG_ANALYZER_NONNULL = YES;
				CLANG_ANALYZER_NUMBER_OBJECT_CONVERSION = YES_AGGRESSIVE;
				CLANG_CXX_LANGUAGE_STANDARD = "gnu++14";
				CLANG_CXX_LIBRARY = "libc++";
				CLANG_ENABLE_MODULES = YES;
				CLANG_ENABLE_OBJC_ARC = YES;
				CLANG_WARN_BLOCK_CAPTURE_AUTORELEASING = YES;
				CLANG_WARN_BOOL_CONVERSION = YES;
				CLANG_WARN_COMMA = YES;
				CLANG_WARN_CONSTANT_CONVERSION = YES;
				CLANG_WARN_DIRECT_OBJC_ISA_USAGE = YES_ERROR;
				CLANG_WARN_DOCUMENTATION_COMMENTS = YES;
				CLANG_WARN_EMPTY_BODY = YES;
				CLANG_WARN_ENUM_CONVERSION = YES;
				CLANG_WARN_INFINITE_RECURSION = YES;
				CLANG_WARN_INT_CONVERSION = YES;
				CLANG_WARN_NON_LITERAL_NULL_CONVERSION = YES;
				CLANG_WARN_OBJC_LITERAL_CONVERSION = YES;
				CLANG_WARN_OBJC_ROOT_CLASS = YES_ERROR;
				CLANG_WARN_RANGE_LOOP_ANALYSIS = YES;
				CLANG_WARN_STRICT_PROTOTYPES = YES;
				CLANG_WARN_SUSPICIOUS_MOVE = YES;
				CLANG_WARN_UNGUARDED_AVAILABILITY = YES_AGGRESSIVE;
				CLANG_WARN_UNREACHABLE_CODE = YES;
				CLANG_WARN__DUPLICATE_METHOD_MATCH = YES;
				CODE_SIGN_IDENTITY = "iPhone Developer";
				COPY_PHASE_STRIP = NO;
				DEBUG_INFORMATION_FORMAT = "dwarf-with-dsym";
				ENABLE_BITCODE = NO;
				ENABLE_NS_ASSERTIONS = NO;
				ENABLE_STRICT_OBJC_MSGSEND = YES;
				GCC_C_LANGUAGE_STANDARD = gnu11;
				GCC_NO_COMMON_BLOCKS = YES;
				GCC_WARN_64_TO_32_BIT_CONVERSION = YES;
				GCC_WARN_ABOUT_RETURN_TYPE = YES_ERROR;
				GCC_WARN_UNDECLARED_SELECTOR = YES;
				GCC_WARN_UNINITIALIZED_AUTOS = YES_AGGRESSIVE;
				GCC_WARN_UNUSED_FUNCTION = YES;
				GCC_WARN_UNUSED_VARIABLE = YES;
				IPHONEOS_DEPLOYMENT_TARGET = 11.0;
				MTL_ENABLE_DEBUG_INFO = NO;
				SDKROOT = iphoneos;
				SWIFT_OPTIMIZATION_LEVEL = "-Owholemodule";
				VALIDATE_PRODUCT = YES;
			};
			name = Release;
		};
		440701062037E9040027E231 /* Debug */ = {
			isa = XCBuildConfiguration;
			baseConfigurationReference = A5D5A7EF4BF23C8C2E9084CC /* Pods-DocReader.debug.xcconfig */;
			buildSettings = {
				ASSETCATALOG_COMPILER_APPICON_NAME = AppIcon;
				CODE_SIGN_STYLE = Automatic;
				DEVELOPMENT_TEAM = 5M9BB34F6M;
				ENABLE_BITCODE = NO;
				INFOPLIST_FILE = DocReader/Info.plist;
				IPHONEOS_DEPLOYMENT_TARGET = 11.0;
				LD_RUNPATH_SEARCH_PATHS = "$(inherited) @executable_path/Frameworks";
				PRODUCT_BUNDLE_IDENTIFIER = com.creativemic.DocReader;
				PRODUCT_NAME = "$(TARGET_NAME)";
				SWIFT_VERSION = 4.0;
				TARGETED_DEVICE_FAMILY = "1,2";
			};
			name = Debug;
		};
		440701072037E9040027E231 /* Release */ = {
			isa = XCBuildConfiguration;
			baseConfigurationReference = D9772076FF7BE0F5E18B8F65 /* Pods-DocReader.release.xcconfig */;
			buildSettings = {
				ASSETCATALOG_COMPILER_APPICON_NAME = AppIcon;
				CODE_SIGN_STYLE = Automatic;
				DEVELOPMENT_TEAM = 5M9BB34F6M;
				ENABLE_BITCODE = NO;
				INFOPLIST_FILE = DocReader/Info.plist;
				IPHONEOS_DEPLOYMENT_TARGET = 11.0;
				LD_RUNPATH_SEARCH_PATHS = "$(inherited) @executable_path/Frameworks";
				PRODUCT_BUNDLE_IDENTIFIER = com.creativemic.DocReader;
				PRODUCT_NAME = "$(TARGET_NAME)";
				SWIFT_VERSION = 4.0;
				TARGETED_DEVICE_FAMILY = "1,2";
			};
			name = Release;
		};
		440701092037E9040027E231 /* Debug */ = {
			isa = XCBuildConfiguration;
			buildSettings = {
				ALWAYS_EMBED_SWIFT_STANDARD_LIBRARIES = YES;
				BUNDLE_LOADER = "$(TEST_HOST)";
				CODE_SIGN_STYLE = Automatic;
				DEVELOPMENT_TEAM = 5M9BB34F6M;
				INFOPLIST_FILE = DocReaderTests/Info.plist;
				LD_RUNPATH_SEARCH_PATHS = "$(inherited) @executable_path/Frameworks @loader_path/Frameworks";
				PRODUCT_BUNDLE_IDENTIFIER = com.creativemic.DocReaderTests;
				PRODUCT_NAME = "$(TARGET_NAME)";
				SWIFT_VERSION = 4.0;
				TARGETED_DEVICE_FAMILY = "1,2";
				TEST_HOST = "$(BUILT_PRODUCTS_DIR)/DocReader.app/DocReader";
			};
			name = Debug;
		};
		4407010A2037E9040027E231 /* Release */ = {
			isa = XCBuildConfiguration;
			buildSettings = {
				ALWAYS_EMBED_SWIFT_STANDARD_LIBRARIES = YES;
				BUNDLE_LOADER = "$(TEST_HOST)";
				CODE_SIGN_STYLE = Automatic;
				DEVELOPMENT_TEAM = 5M9BB34F6M;
				INFOPLIST_FILE = DocReaderTests/Info.plist;
				LD_RUNPATH_SEARCH_PATHS = "$(inherited) @executable_path/Frameworks @loader_path/Frameworks";
				PRODUCT_BUNDLE_IDENTIFIER = com.creativemic.DocReaderTests;
				PRODUCT_NAME = "$(TARGET_NAME)";
				SWIFT_VERSION = 4.0;
				TARGETED_DEVICE_FAMILY = "1,2";
				TEST_HOST = "$(BUILT_PRODUCTS_DIR)/DocReader.app/DocReader";
			};
			name = Release;
		};
		4407010C2037E9040027E231 /* Debug */ = {
			isa = XCBuildConfiguration;
			buildSettings = {
				ALWAYS_EMBED_SWIFT_STANDARD_LIBRARIES = YES;
				CODE_SIGN_STYLE = Automatic;
				DEVELOPMENT_TEAM = 5M9BB34F6M;
				INFOPLIST_FILE = DocReaderUITests/Info.plist;
				LD_RUNPATH_SEARCH_PATHS = "$(inherited) @executable_path/Frameworks @loader_path/Frameworks";
				PRODUCT_BUNDLE_IDENTIFIER = com.creativemic.DocReaderUITests;
				PRODUCT_NAME = "$(TARGET_NAME)";
				SWIFT_VERSION = 4.0;
				TARGETED_DEVICE_FAMILY = "1,2";
				TEST_TARGET_NAME = DocReader;
			};
			name = Debug;
		};
		4407010D2037E9040027E231 /* Release */ = {
			isa = XCBuildConfiguration;
			buildSettings = {
				ALWAYS_EMBED_SWIFT_STANDARD_LIBRARIES = YES;
				CODE_SIGN_STYLE = Automatic;
				DEVELOPMENT_TEAM = 5M9BB34F6M;
				INFOPLIST_FILE = DocReaderUITests/Info.plist;
				LD_RUNPATH_SEARCH_PATHS = "$(inherited) @executable_path/Frameworks @loader_path/Frameworks";
				PRODUCT_BUNDLE_IDENTIFIER = com.creativemic.DocReaderUITests;
				PRODUCT_NAME = "$(TARGET_NAME)";
				SWIFT_VERSION = 4.0;
				TARGETED_DEVICE_FAMILY = "1,2";
				TEST_TARGET_NAME = DocReader;
			};
			name = Release;
		};
/* End XCBuildConfiguration section */

/* Begin XCConfigurationList section */
		440700D82037E9040027E231 /* Build configuration list for PBXProject "DocReader" */ = {
			isa = XCConfigurationList;
			buildConfigurations = (
				440701032037E9040027E231 /* Debug */,
				440701042037E9040027E231 /* Release */,
			);
			defaultConfigurationIsVisible = 0;
			defaultConfigurationName = Release;
		};
		440701052037E9040027E231 /* Build configuration list for PBXNativeTarget "DocReader" */ = {
			isa = XCConfigurationList;
			buildConfigurations = (
				440701062037E9040027E231 /* Debug */,
				440701072037E9040027E231 /* Release */,
			);
			defaultConfigurationIsVisible = 0;
			defaultConfigurationName = Release;
		};
		440701082037E9040027E231 /* Build configuration list for PBXNativeTarget "DocReaderTests" */ = {
			isa = XCConfigurationList;
			buildConfigurations = (
				440701092037E9040027E231 /* Debug */,
				4407010A2037E9040027E231 /* Release */,
			);
			defaultConfigurationIsVisible = 0;
			defaultConfigurationName = Release;
		};
		4407010B2037E9040027E231 /* Build configuration list for PBXNativeTarget "DocReaderUITests" */ = {
			isa = XCConfigurationList;
			buildConfigurations = (
				4407010C2037E9040027E231 /* Debug */,
				4407010D2037E9040027E231 /* Release */,
			);
			defaultConfigurationIsVisible = 0;
			defaultConfigurationName = Release;
		};
/* End XCConfigurationList section */
	};
	rootObject = 440700D52037E9040027E231 /* Project object */;
}
